
Microsoft Visual Studio Solution File, Format Version 12.00
# Visual Studio Version 17
VisualStudioVersion = 17.0.31903.59
MinimumVisualStudioVersion = 10.0.40219.1
Project("{FAE04EC0-301F-11D3-BF4B-00C04F79EFBC}") = "AI.Api", "src\AI\AI.Api\AI.Api.csproj", "{4741B0A7-D46C-48BC-AB64-CEBBB0FACBA6}"
EndProject
Project("{2150E333-8FDC-42A3-9474-1A3956D46DE8}") = "dto", "dto", "{94C73156-176D-411F-BE5A-B0F51F4EDD5E}"
EndProject
Project("{FAE04EC0-301F-11D3-BF4B-00C04F79EFBC}") = "AI.Dto", "src\AI\AI.Dto\AI.Dto.csproj", "{3A69C1A5-20E5-4275-9BEC-F035C6781BB7}"
EndProject
Project("{2150E333-8FDC-42A3-9474-1A3956D46DE8}") = "main", "main", "{341A2EC8-A50B-4967-BE88-D1A88D3F74A0}"
EndProject
Project("{FAE04EC0-301F-11D3-BF4B-00C04F79EFBC}") = "AI.Application", "src\AI\AI.Application\AI.Application.csproj", "{B674E518-EADD-434E-8BA7-A8980B68C412}"
EndProject
Project("{FAE04EC0-301F-11D3-BF4B-00C04F79EFBC}") = "AI.Domain", "src\AI\AI.Domain\AI.Domain.csproj", "{FDBA7155-D382-4785-A47B-DA0575B352EE}"
EndProject
Project("{FAE04EC0-301F-11D3-BF4B-00C04F79EFBC}") = "AI.Infrastructure", "src\AI\AI.Infrastructure\AI.Infrastructure.csproj", "{4391233A-75AB-4F0B-9243-36269FF327F0}"
EndProject
Project("{FAE04EC0-301F-11D3-BF4B-00C04F79EFBC}") = "AI.Application.Abstrations", "src\AI\AI.Application.Abstrations\AI.Application.Abstrations.csproj", "{62EDC276-1B4B-498A-8604-8044C8756934}"
EndProject
Project("{FAE04EC0-301F-11D3-BF4B-00C04F79EFBC}") = "AI.Application.Query", "src\AI\AI.Application.Query\AI.Application.Query.csproj", "{F58E5AF8-165C-4100-9400-0B3427C1EC64}"
EndProject
Project("{FAE04EC0-301F-11D3-BF4B-00C04F79EFBC}") = "AI.Application.Query.Abstractions", "src\AI\AI.Application.Query.Abstractions\AI.Application.Query.Abstractions.csproj", "{0480ABB3-60E2-4E01-8F95-9B6B43D66658}"
EndProject
Project("{FAE04EC0-301F-11D3-BF4B-00C04F79EFBC}") = "AI.Infrastructure.Abstraction", "src\AI\AI.Infrastructure.Abstraction\AI.Infrastructure.Abstraction.csproj", "{C8B3335E-9251-4BD4-8D27-6327D465328A}"
EndProject
Global
	GlobalSection(SolutionConfigurationPlatforms) = preSolution
		Debug|Any CPU = Debug|Any CPU
		Release|Any CPU = Release|Any CPU
	EndGlobalSection
	GlobalSection(SolutionProperties) = preSolution
		HideSolutionNode = FALSE
	EndGlobalSection
	GlobalSection(ProjectConfigurationPlatforms) = postSolution
		{4741B0A7-D46C-48BC-AB64-CEBBB0FACBA6}.Debug|Any CPU.ActiveCfg = Debug|Any CPU
		{4741B0A7-D46C-48BC-AB64-CEBBB0FACBA6}.Debug|Any CPU.Build.0 = Debug|Any CPU
		{4741B0A7-D46C-48BC-AB64-CEBBB0FACBA6}.Release|Any CPU.ActiveCfg = Release|Any CPU
		{4741B0A7-D46C-48BC-AB64-CEBBB0FACBA6}.Release|Any CPU.Build.0 = Release|Any CPU
		{3A69C1A5-20E5-4275-9BEC-F035C6781BB7}.Debug|Any CPU.ActiveCfg = Debug|Any CPU
		{3A69C1A5-20E5-4275-9BEC-F035C6781BB7}.Debug|Any CPU.Build.0 = Debug|Any CPU
		{3A69C1A5-20E5-4275-9BEC-F035C6781BB7}.Release|Any CPU.ActiveCfg = Release|Any CPU
		{3A69C1A5-20E5-4275-9BEC-F035C6781BB7}.Release|Any CPU.Build.0 = Release|Any CPU
		{B674E518-EADD-434E-8BA7-A8980B68C412}.Debug|Any CPU.ActiveCfg = Debug|Any CPU
		{B674E518-EADD-434E-8BA7-A8980B68C412}.Debug|Any CPU.Build.0 = Debug|Any CPU
		{B674E518-EADD-434E-8BA7-A8980B68C412}.Release|Any CPU.ActiveCfg = Release|Any CPU
		{B674E518-EADD-434E-8BA7-A8980B68C412}.Release|Any CPU.Build.0 = Release|Any CPU
		{FDBA7155-D382-4785-A47B-DA0575B352EE}.Debug|Any CPU.ActiveCfg = Debug|Any CPU
		{FDBA7155-D382-4785-A47B-DA0575B352EE}.Debug|Any CPU.Build.0 = Debug|Any CPU
		{FDBA7155-D382-4785-A47B-DA0575B352EE}.Release|Any CPU.ActiveCfg = Release|Any CPU
		{FDBA7155-D382-4785-A47B-DA0575B352EE}.Release|Any CPU.Build.0 = Release|Any CPU
		{4391233A-75AB-4F0B-9243-36269FF327F0}.Debug|Any CPU.ActiveCfg = Debug|Any CPU
		{4391233A-75AB-4F0B-9243-36269FF327F0}.Debug|Any CPU.Build.0 = Debug|Any CPU
		{4391233A-75AB-4F0B-9243-36269FF327F0}.Release|Any CPU.ActiveCfg = Release|Any CPU
		{4391233A-75AB-4F0B-9243-36269FF327F0}.Release|Any CPU.Build.0 = Release|Any CPU
		{62EDC276-1B4B-498A-8604-8044C8756934}.Debug|Any CPU.ActiveCfg = Debug|Any CPU
		{62EDC276-1B4B-498A-8604-8044C8756934}.Debug|Any CPU.Build.0 = Debug|Any CPU
		{62EDC276-1B4B-498A-8604-8044C8756934}.Release|Any CPU.ActiveCfg = Release|Any CPU
		{62EDC276-1B4B-498A-8604-8044C8756934}.Release|Any CPU.Build.0 = Release|Any CPU
		{F58E5AF8-165C-4100-9400-0B3427C1EC64}.Debug|Any CPU.ActiveCfg = Debug|Any CPU
		{F58E5AF8-165C-4100-9400-0B3427C1EC64}.Debug|Any CPU.Build.0 = Debug|Any CPU
		{F58E5AF8-165C-4100-9400-0B3427C1EC64}.Release|Any CPU.ActiveCfg = Release|Any CPU
		{F58E5AF8-165C-4100-9400-0B3427C1EC64}.Release|Any CPU.Build.0 = Release|Any CPU
		{0480ABB3-60E2-4E01-8F95-9B6B43D66658}.Debug|Any CPU.ActiveCfg = Debug|Any CPU
		{0480ABB3-60E2-4E01-8F95-9B6B43D66658}.Debug|Any CPU.Build.0 = Debug|Any CPU
		{0480ABB3-60E2-4E01-8F95-9B6B43D66658}.Release|Any CPU.ActiveCfg = Release|Any CPU
		{0480ABB3-60E2-4E01-8F95-9B6B43D66658}.Release|Any CPU.Build.0 = Release|Any CPU
		{C8B3335E-9251-4BD4-8D27-6327D465328A}.Debug|Any CPU.ActiveCfg = Debug|Any CPU
		{C8B3335E-9251-4BD4-8D27-6327D465328A}.Debug|Any CPU.Build.0 = Debug|Any CPU
		{C8B3335E-9251-4BD4-8D27-6327D465328A}.Release|Any CPU.ActiveCfg = Release|Any CPU
		{C8B3335E-9251-4BD4-8D27-6327D465328A}.Release|Any CPU.Build.0 = Release|Any CPU
	EndGlobalSection
	GlobalSection(NestedProjects) = preSolution
		{3A69C1A5-20E5-4275-9BEC-F035C6781BB7} = {94C73156-176D-411F-BE5A-B0F51F4EDD5E}
		{4741B0A7-D46C-48BC-AB64-CEBBB0FACBA6} = {341A2EC8-A50B-4967-BE88-D1A88D3F74A0}
		{B674E518-EADD-434E-8BA7-A8980B68C412} = {341A2EC8-A50B-4967-BE88-D1A88D3F74A0}
		{FDBA7155-D382-4785-A47B-DA0575B352EE} = {341A2EC8-A50B-4967-BE88-D1A88D3F74A0}
		{4391233A-75AB-4F0B-9243-36269FF327F0} = {341A2EC8-A50B-4967-BE88-D1A88D3F74A0}
		{62EDC276-1B4B-498A-8604-8044C8756934} = {341A2EC8-A50B-4967-BE88-D1A88D3F74A0}
		{F58E5AF8-165C-4100-9400-0B3427C1EC64} = {341A2EC8-A50B-4967-BE88-D1A88D3F74A0}
		{0480ABB3-60E2-4E01-8F95-9B6B43D66658} = {341A2EC8-A50B-4967-BE88-D1A88D3F74A0}
		{C8B3335E-9251-4BD4-8D27-6327D465328A} = {341A2EC8-A50B-4967-BE88-D1A88D3F74A0}
	EndGlobalSection
EndGlobal
